github.com/gogo/protobuf v1.3.2 h1:Ov1cvc58UF3b5XjBnZv7+opcTcQFZebYjWzi34vdm4Q=
github.com/orfjackal/nanospec.go v0.0.0-20120727230329-de4694c1d701 h1:yOXfzNV7qkZ3nf2NPqy4BMzlCmnQzIEbI1vuqKb2FkQ=
github.com/rafrombrc/gomock v0.0.0-20150113192118-bcaa96eba53b h1:CFndkvLtFcyzPGEaQe7Kzv0t0A6bComzjxPMJPYM0N4=
github.com/rafrombrc/gospec v0.0.0-20121213232506-2e46585948f4 h1:qiLQC0iWJeDTGyquNnRrVyfSwUG2jyxI5CV/cU+F1UE=
